
Microsoft Visual Studio Solution File, Format Version 12.00
# Visual Studio Version 17
VisualStudioVersion = 17.5.33530.505
MinimumVisualStudioVersion = 10.0.40219.1
Project("{FAE04EC0-301F-11D3-BF4B-00C04F79EFBC}") = "FirstWPF", "PRN221\FirstWPF.csproj", "{33782B3F-D269-4649-ADBE-4237EE36AB3B}"
EndProject
Global
	GlobalSection(SolutionConfigurationPlatforms) = preSolution
		Debug|Any CPU = Debug|Any CPU
		Release|Any CPU = Release|Any CPU
	EndGlobalSection
	GlobalSection(ProjectConfigurationPlatforms) = postSolution
		{33782B3F-D269-4649-ADBE-4237EE36AB3B}.Debug|Any CPU.ActiveCfg = Debug|Any CPU
		{33782B3F-D269-4649-ADBE-4237EE36AB3B}.Debug|Any CPU.Build.0 = Debug|Any CPU
		{33782B3F-D269-4649-ADBE-4237EE36AB3B}.Release|Any CPU.ActiveCfg = Release|Any CPU
		{33782B3F-D269-4649-ADBE-4237EE36AB3B}.Release|Any CPU.Build.0 = Release|Any CPU
	EndGlobalSection
	GlobalSection(SolutionProperties) = preSolution
		HideSolutionNode = FALSE
	EndGlobalSection
	GlobalSection(ExtensibilityGlobals) = postSolution
		SolutionGuid = {7F6FA7B9-9C9E-488A-ADD2-6EEF55198C01}
	EndGlobalSection
EndGlobal
