
Microsoft Visual Studio Solution File, Format Version 12.00
# Visual Studio Version 17
VisualStudioVersion = 17.5.33530.505
MinimumVisualStudioVersion = 10.0.40219.1
Project("{9A19103F-16F7-4668-BE54-9A1E7A4F7556}") = "FirstWPF", "PRN221\FirstWPF.csproj", "{33782B3F-D269-4649-ADBE-4237EE36AB3B}"
EndProject
Project("{9A19103F-16F7-4668-BE54-9A1E7A4F7556}") = "ConnectDB", "ConnectDB\ConnectDB.csproj", "{7E1DB778-E7CD-48B3-AC0B-EBE4D5BF8E67}"
EndProject
Project("{9A19103F-16F7-4668-BE54-9A1E7A4F7556}") = "Json", "Json\Json.csproj", "{9D4892C9-92EA-415E-8522-DDB4E1884D3F}"
EndProject
Project("{9A19103F-16F7-4668-BE54-9A1E7A4F7556}") = "DemoDJ", "DemoDJ\DemoDJ.csproj", "{FFE08268-E47A-4105-B9BB-C219439363E7}"
EndProject
Project("{9A19103F-16F7-4668-BE54-9A1E7A4F7556}") = "DemoRazorPage", "DemoRazorPage\DemoRazorPage.csproj", "{EAB8A739-7430-4BDE-9D80-19D3775F4FA5}"
EndProject
Project("{9A19103F-16F7-4668-BE54-9A1E7A4F7556}") = "Filter", "Filter\Filter.csproj", "{367A58B0-3339-4918-9084-8ADE2D6F9BBE}"
EndProject
Project("{9A19103F-16F7-4668-BE54-9A1E7A4F7556}") = "SearchStudent", "SearchStudent\SearchStudent.csproj", "{91BE2DAB-462A-4931-B39D-EBC94F4A8FE9}"
EndProject
Project("{9A19103F-16F7-4668-BE54-9A1E7A4F7556}") = "Thread", "Thread\Thread.csproj", "{D028860A-1DDB-4760-95DC-354507161ECC}"
EndProject
Project("{9A19103F-16F7-4668-BE54-9A1E7A4F7556}") = "DemoAsynchonus1", "DemoAsynchonus1\DemoAsynchonus1.csproj", "{74D186C4-F050-4C6A-9E4E-8CD75A1D8729}"
EndProject
Project("{9A19103F-16F7-4668-BE54-9A1E7A4F7556}") = "DemoAsynchonus2", "DemoAsynchonus2\DemoAsynchonus2.csproj", "{B4FB7693-26AB-4873-BBFE-6722644BC865}"
EndProject
Project("{9A19103F-16F7-4668-BE54-9A1E7A4F7556}") = "DemoAsynschonus3", "DemoAsynschonus3\DemoAsynschonus3.csproj", "{A80A51E4-6BB6-4196-A5EA-0FF92D197430}"
EndProject
Project("{9A19103F-16F7-4668-BE54-9A1E7A4F7556}") = "DemoLinQ1", "DemoLinQ1\DemoLinQ1.csproj", "{AC87A854-70FC-421A-B85A-87B562F5CD32}"
EndProject
Project("{9A19103F-16F7-4668-BE54-9A1E7A4F7556}") = "DemoLinQ2", "DemoLinQ2\DemoLinQ2.csproj", "{EEDEC386-E719-4526-B4F7-A48CA74B9587}"
EndProject
Project("{9A19103F-16F7-4668-BE54-9A1E7A4F7556}") = "DemoNetworking1", "DemoNetworking1\DemoNetworking1.csproj", "{E14B322B-E018-4D2B-B2BE-6A3EF347EC42}"
EndProject
Project("{9A19103F-16F7-4668-BE54-9A1E7A4F7556}") = "DemoNetworking2", "DemoNetworking2\DemoNetworking2.csproj", "{88806538-DE78-4A6E-BF01-8B430387A572}"
EndProject
Project("{9A19103F-16F7-4668-BE54-9A1E7A4F7556}") = "DemoHttpCilent1", "DemoHttpCilent1\DemoHttpCilent1.csproj", "{CF51C49A-9CC4-402F-A7FB-66D0F2B2657C}"
EndProject
Project("{9A19103F-16F7-4668-BE54-9A1E7A4F7556}") = "DemoHttpCilent2", "DemoHttpCilent2\DemoHttpCilent2.csproj", "{BE66139E-394B-4FA3-88E6-ACF93112C5ED}"
EndProject
Project("{9A19103F-16F7-4668-BE54-9A1E7A4F7556}") = "DemoDNS", "DemoDNS\DemoDNS.csproj", "{553BAFCD-E055-4E89-AA86-EF092BFBD210}"
EndProject
Project("{9A19103F-16F7-4668-BE54-9A1E7A4F7556}") = "UDPClientApp", "UDPClientApp\UDPClientApp.csproj", "{620FF3FB-0020-44B0-B79F-891E0693770F}"
EndProject
Project("{9A19103F-16F7-4668-BE54-9A1E7A4F7556}") = "UDPServerApp", "UDPServerApp\UDPServerApp.csproj", "{5FC8772C-9D1A-4CFC-87AE-9DAA12B4C852}"
EndProject
Project("{9A19103F-16F7-4668-BE54-9A1E7A4F7556}") = "ServerAppTCP", "ServerAppTCP\ServerAppTCP.csproj", "{D568B449-4232-46FF-A53F-2241716932C8}"
EndProject
Project("{9A19103F-16F7-4668-BE54-9A1E7A4F7556}") = "ClientAppTCP", "ClientAppTCP\ClientAppTCP.csproj", "{14F2C4DA-5E24-4AE0-BD5E-D4F7C327020B}"
EndProject
Project("{9A19103F-16F7-4668-BE54-9A1E7A4F7556}") = "ParallelDemo1", "Parallel\ParallelDemo1.csproj", "{DCEECF8E-7774-4C00-A7DE-441802DC7728}"
EndProject
Project("{9A19103F-16F7-4668-BE54-9A1E7A4F7556}") = "ParallelDemo2", "ParallelDemo2\ParallelDemo2.csproj", "{8E970F15-D741-41D8-81F5-D09C137C9F01}"
EndProject
Project("{9A19103F-16F7-4668-BE54-9A1E7A4F7556}") = "ParallelDemo3", "ParallelDemo3\ParallelDemo3.csproj", "{2B41E8F0-6EC8-403D-86A7-AD7075547841}"
EndProject
Project("{9A19103F-16F7-4668-BE54-9A1E7A4F7556}") = "ParallelDemo4", "ParallelDemo4\ParallelDemo4.csproj", "{269E1021-0FD2-4DAE-A37C-C43385584103}"
EndProject
Project("{FAE04EC0-301F-11D3-BF4B-00C04F79EFBC}") = "WebApplication1", "WebApplication1\WebApplication1.csproj", "{16CF5BBA-EF04-422C-B217-7CB4D098E699}"
EndProject
Global
	GlobalSection(SolutionConfigurationPlatforms) = preSolution
		Debug|Any CPU = Debug|Any CPU
		Release|Any CPU = Release|Any CPU
	EndGlobalSection
	GlobalSection(ProjectConfigurationPlatforms) = postSolution
		{33782B3F-D269-4649-ADBE-4237EE36AB3B}.Debug|Any CPU.ActiveCfg = Debug|Any CPU
		{33782B3F-D269-4649-ADBE-4237EE36AB3B}.Debug|Any CPU.Build.0 = Debug|Any CPU
		{33782B3F-D269-4649-ADBE-4237EE36AB3B}.Release|Any CPU.ActiveCfg = Release|Any CPU
		{33782B3F-D269-4649-ADBE-4237EE36AB3B}.Release|Any CPU.Build.0 = Release|Any CPU
		{7E1DB778-E7CD-48B3-AC0B-EBE4D5BF8E67}.Debug|Any CPU.ActiveCfg = Debug|Any CPU
		{7E1DB778-E7CD-48B3-AC0B-EBE4D5BF8E67}.Debug|Any CPU.Build.0 = Debug|Any CPU
		{7E1DB778-E7CD-48B3-AC0B-EBE4D5BF8E67}.Release|Any CPU.ActiveCfg = Release|Any CPU
		{7E1DB778-E7CD-48B3-AC0B-EBE4D5BF8E67}.Release|Any CPU.Build.0 = Release|Any CPU
		{9D4892C9-92EA-415E-8522-DDB4E1884D3F}.Debug|Any CPU.ActiveCfg = Debug|Any CPU
		{9D4892C9-92EA-415E-8522-DDB4E1884D3F}.Debug|Any CPU.Build.0 = Debug|Any CPU
		{9D4892C9-92EA-415E-8522-DDB4E1884D3F}.Release|Any CPU.ActiveCfg = Release|Any CPU
		{9D4892C9-92EA-415E-8522-DDB4E1884D3F}.Release|Any CPU.Build.0 = Release|Any CPU
		{FFE08268-E47A-4105-B9BB-C219439363E7}.Debug|Any CPU.ActiveCfg = Debug|Any CPU
		{FFE08268-E47A-4105-B9BB-C219439363E7}.Debug|Any CPU.Build.0 = Debug|Any CPU
		{FFE08268-E47A-4105-B9BB-C219439363E7}.Release|Any CPU.ActiveCfg = Release|Any CPU
		{FFE08268-E47A-4105-B9BB-C219439363E7}.Release|Any CPU.Build.0 = Release|Any CPU
		{EAB8A739-7430-4BDE-9D80-19D3775F4FA5}.Debug|Any CPU.ActiveCfg = Debug|Any CPU
		{EAB8A739-7430-4BDE-9D80-19D3775F4FA5}.Debug|Any CPU.Build.0 = Debug|Any CPU
		{EAB8A739-7430-4BDE-9D80-19D3775F4FA5}.Release|Any CPU.ActiveCfg = Release|Any CPU
		{EAB8A739-7430-4BDE-9D80-19D3775F4FA5}.Release|Any CPU.Build.0 = Release|Any CPU
		{367A58B0-3339-4918-9084-8ADE2D6F9BBE}.Debug|Any CPU.ActiveCfg = Debug|Any CPU
		{367A58B0-3339-4918-9084-8ADE2D6F9BBE}.Debug|Any CPU.Build.0 = Debug|Any CPU
		{367A58B0-3339-4918-9084-8ADE2D6F9BBE}.Release|Any CPU.ActiveCfg = Release|Any CPU
		{367A58B0-3339-4918-9084-8ADE2D6F9BBE}.Release|Any CPU.Build.0 = Release|Any CPU
		{91BE2DAB-462A-4931-B39D-EBC94F4A8FE9}.Debug|Any CPU.ActiveCfg = Debug|Any CPU
		{91BE2DAB-462A-4931-B39D-EBC94F4A8FE9}.Debug|Any CPU.Build.0 = Debug|Any CPU
		{91BE2DAB-462A-4931-B39D-EBC94F4A8FE9}.Release|Any CPU.ActiveCfg = Release|Any CPU
		{91BE2DAB-462A-4931-B39D-EBC94F4A8FE9}.Release|Any CPU.Build.0 = Release|Any CPU
		{D028860A-1DDB-4760-95DC-354507161ECC}.Debug|Any CPU.ActiveCfg = Debug|Any CPU
		{D028860A-1DDB-4760-95DC-354507161ECC}.Debug|Any CPU.Build.0 = Debug|Any CPU
		{D028860A-1DDB-4760-95DC-354507161ECC}.Release|Any CPU.ActiveCfg = Release|Any CPU
		{D028860A-1DDB-4760-95DC-354507161ECC}.Release|Any CPU.Build.0 = Release|Any CPU
		{74D186C4-F050-4C6A-9E4E-8CD75A1D8729}.Debug|Any CPU.ActiveCfg = Debug|Any CPU
		{74D186C4-F050-4C6A-9E4E-8CD75A1D8729}.Debug|Any CPU.Build.0 = Debug|Any CPU
		{74D186C4-F050-4C6A-9E4E-8CD75A1D8729}.Release|Any CPU.ActiveCfg = Release|Any CPU
		{74D186C4-F050-4C6A-9E4E-8CD75A1D8729}.Release|Any CPU.Build.0 = Release|Any CPU
		{B4FB7693-26AB-4873-BBFE-6722644BC865}.Debug|Any CPU.ActiveCfg = Debug|Any CPU
		{B4FB7693-26AB-4873-BBFE-6722644BC865}.Debug|Any CPU.Build.0 = Debug|Any CPU
		{B4FB7693-26AB-4873-BBFE-6722644BC865}.Release|Any CPU.ActiveCfg = Release|Any CPU
		{B4FB7693-26AB-4873-BBFE-6722644BC865}.Release|Any CPU.Build.0 = Release|Any CPU
		{A80A51E4-6BB6-4196-A5EA-0FF92D197430}.Debug|Any CPU.ActiveCfg = Debug|Any CPU
		{A80A51E4-6BB6-4196-A5EA-0FF92D197430}.Debug|Any CPU.Build.0 = Debug|Any CPU
		{A80A51E4-6BB6-4196-A5EA-0FF92D197430}.Release|Any CPU.ActiveCfg = Release|Any CPU
		{A80A51E4-6BB6-4196-A5EA-0FF92D197430}.Release|Any CPU.Build.0 = Release|Any CPU
		{AC87A854-70FC-421A-B85A-87B562F5CD32}.Debug|Any CPU.ActiveCfg = Debug|Any CPU
		{AC87A854-70FC-421A-B85A-87B562F5CD32}.Debug|Any CPU.Build.0 = Debug|Any CPU
		{AC87A854-70FC-421A-B85A-87B562F5CD32}.Release|Any CPU.ActiveCfg = Release|Any CPU
		{AC87A854-70FC-421A-B85A-87B562F5CD32}.Release|Any CPU.Build.0 = Release|Any CPU
		{EEDEC386-E719-4526-B4F7-A48CA74B9587}.Debug|Any CPU.ActiveCfg = Debug|Any CPU
		{EEDEC386-E719-4526-B4F7-A48CA74B9587}.Debug|Any CPU.Build.0 = Debug|Any CPU
		{EEDEC386-E719-4526-B4F7-A48CA74B9587}.Release|Any CPU.ActiveCfg = Release|Any CPU
		{EEDEC386-E719-4526-B4F7-A48CA74B9587}.Release|Any CPU.Build.0 = Release|Any CPU
		{E14B322B-E018-4D2B-B2BE-6A3EF347EC42}.Debug|Any CPU.ActiveCfg = Debug|Any CPU
		{E14B322B-E018-4D2B-B2BE-6A3EF347EC42}.Debug|Any CPU.Build.0 = Debug|Any CPU
		{E14B322B-E018-4D2B-B2BE-6A3EF347EC42}.Release|Any CPU.ActiveCfg = Release|Any CPU
		{E14B322B-E018-4D2B-B2BE-6A3EF347EC42}.Release|Any CPU.Build.0 = Release|Any CPU
		{88806538-DE78-4A6E-BF01-8B430387A572}.Debug|Any CPU.ActiveCfg = Debug|Any CPU
		{88806538-DE78-4A6E-BF01-8B430387A572}.Debug|Any CPU.Build.0 = Debug|Any CPU
		{88806538-DE78-4A6E-BF01-8B430387A572}.Release|Any CPU.ActiveCfg = Release|Any CPU
		{88806538-DE78-4A6E-BF01-8B430387A572}.Release|Any CPU.Build.0 = Release|Any CPU
		{CF51C49A-9CC4-402F-A7FB-66D0F2B2657C}.Debug|Any CPU.ActiveCfg = Debug|Any CPU
		{CF51C49A-9CC4-402F-A7FB-66D0F2B2657C}.Debug|Any CPU.Build.0 = Debug|Any CPU
		{CF51C49A-9CC4-402F-A7FB-66D0F2B2657C}.Release|Any CPU.ActiveCfg = Release|Any CPU
		{CF51C49A-9CC4-402F-A7FB-66D0F2B2657C}.Release|Any CPU.Build.0 = Release|Any CPU
		{BE66139E-394B-4FA3-88E6-ACF93112C5ED}.Debug|Any CPU.ActiveCfg = Debug|Any CPU
		{BE66139E-394B-4FA3-88E6-ACF93112C5ED}.Debug|Any CPU.Build.0 = Debug|Any CPU
		{BE66139E-394B-4FA3-88E6-ACF93112C5ED}.Release|Any CPU.ActiveCfg = Release|Any CPU
		{BE66139E-394B-4FA3-88E6-ACF93112C5ED}.Release|Any CPU.Build.0 = Release|Any CPU
		{553BAFCD-E055-4E89-AA86-EF092BFBD210}.Debug|Any CPU.ActiveCfg = Debug|Any CPU
		{553BAFCD-E055-4E89-AA86-EF092BFBD210}.Debug|Any CPU.Build.0 = Debug|Any CPU
		{553BAFCD-E055-4E89-AA86-EF092BFBD210}.Release|Any CPU.ActiveCfg = Release|Any CPU
		{553BAFCD-E055-4E89-AA86-EF092BFBD210}.Release|Any CPU.Build.0 = Release|Any CPU
		{620FF3FB-0020-44B0-B79F-891E0693770F}.Debug|Any CPU.ActiveCfg = Debug|Any CPU
		{620FF3FB-0020-44B0-B79F-891E0693770F}.Debug|Any CPU.Build.0 = Debug|Any CPU
		{620FF3FB-0020-44B0-B79F-891E0693770F}.Release|Any CPU.ActiveCfg = Release|Any CPU
		{620FF3FB-0020-44B0-B79F-891E0693770F}.Release|Any CPU.Build.0 = Release|Any CPU
		{5FC8772C-9D1A-4CFC-87AE-9DAA12B4C852}.Debug|Any CPU.ActiveCfg = Debug|Any CPU
		{5FC8772C-9D1A-4CFC-87AE-9DAA12B4C852}.Debug|Any CPU.Build.0 = Debug|Any CPU
		{5FC8772C-9D1A-4CFC-87AE-9DAA12B4C852}.Release|Any CPU.ActiveCfg = Release|Any CPU
		{5FC8772C-9D1A-4CFC-87AE-9DAA12B4C852}.Release|Any CPU.Build.0 = Release|Any CPU
		{D568B449-4232-46FF-A53F-2241716932C8}.Debug|Any CPU.ActiveCfg = Debug|Any CPU
		{D568B449-4232-46FF-A53F-2241716932C8}.Debug|Any CPU.Build.0 = Debug|Any CPU
		{D568B449-4232-46FF-A53F-2241716932C8}.Release|Any CPU.ActiveCfg = Release|Any CPU
		{D568B449-4232-46FF-A53F-2241716932C8}.Release|Any CPU.Build.0 = Release|Any CPU
		{14F2C4DA-5E24-4AE0-BD5E-D4F7C327020B}.Debug|Any CPU.ActiveCfg = Debug|Any CPU
		{14F2C4DA-5E24-4AE0-BD5E-D4F7C327020B}.Debug|Any CPU.Build.0 = Debug|Any CPU
		{14F2C4DA-5E24-4AE0-BD5E-D4F7C327020B}.Release|Any CPU.ActiveCfg = Release|Any CPU
		{14F2C4DA-5E24-4AE0-BD5E-D4F7C327020B}.Release|Any CPU.Build.0 = Release|Any CPU
		{DCEECF8E-7774-4C00-A7DE-441802DC7728}.Debug|Any CPU.ActiveCfg = Debug|Any CPU
		{DCEECF8E-7774-4C00-A7DE-441802DC7728}.Debug|Any CPU.Build.0 = Debug|Any CPU
		{DCEECF8E-7774-4C00-A7DE-441802DC7728}.Release|Any CPU.ActiveCfg = Release|Any CPU
		{DCEECF8E-7774-4C00-A7DE-441802DC7728}.Release|Any CPU.Build.0 = Release|Any CPU
		{8E970F15-D741-41D8-81F5-D09C137C9F01}.Debug|Any CPU.ActiveCfg = Debug|Any CPU
		{8E970F15-D741-41D8-81F5-D09C137C9F01}.Debug|Any CPU.Build.0 = Debug|Any CPU
		{8E970F15-D741-41D8-81F5-D09C137C9F01}.Release|Any CPU.ActiveCfg = Release|Any CPU
		{8E970F15-D741-41D8-81F5-D09C137C9F01}.Release|Any CPU.Build.0 = Release|Any CPU
		{2B41E8F0-6EC8-403D-86A7-AD7075547841}.Debug|Any CPU.ActiveCfg = Debug|Any CPU
		{2B41E8F0-6EC8-403D-86A7-AD7075547841}.Debug|Any CPU.Build.0 = Debug|Any CPU
		{2B41E8F0-6EC8-403D-86A7-AD7075547841}.Release|Any CPU.ActiveCfg = Release|Any CPU
		{2B41E8F0-6EC8-403D-86A7-AD7075547841}.Release|Any CPU.Build.0 = Release|Any CPU
		{269E1021-0FD2-4DAE-A37C-C43385584103}.Debug|Any CPU.ActiveCfg = Debug|Any CPU
		{269E1021-0FD2-4DAE-A37C-C43385584103}.Debug|Any CPU.Build.0 = Debug|Any CPU
		{269E1021-0FD2-4DAE-A37C-C43385584103}.Release|Any CPU.ActiveCfg = Release|Any CPU
		{269E1021-0FD2-4DAE-A37C-C43385584103}.Release|Any CPU.Build.0 = Release|Any CPU
		{16CF5BBA-EF04-422C-B217-7CB4D098E699}.Debug|Any CPU.ActiveCfg = Debug|Any CPU
		{16CF5BBA-EF04-422C-B217-7CB4D098E699}.Debug|Any CPU.Build.0 = Debug|Any CPU
		{16CF5BBA-EF04-422C-B217-7CB4D098E699}.Release|Any CPU.ActiveCfg = Release|Any CPU
		{16CF5BBA-EF04-422C-B217-7CB4D098E699}.Release|Any CPU.Build.0 = Release|Any CPU
	EndGlobalSection
	GlobalSection(SolutionProperties) = preSolution
		HideSolutionNode = FALSE
	EndGlobalSection
	GlobalSection(ExtensibilityGlobals) = postSolution
		SolutionGuid = {7F6FA7B9-9C9E-488A-ADD2-6EEF55198C01}
	EndGlobalSection
EndGlobal
