
Microsoft Visual Studio Solution File, Format Version 12.00
# Visual Studio Version 17
VisualStudioVersion = 17.5.33530.505
MinimumVisualStudioVersion = 10.0.40219.1
Project("{9A19103F-16F7-4668-BE54-9A1E7A4F7556}") = "FirstWPF", "PRN221\FirstWPF.csproj", "{33782B3F-D269-4649-ADBE-4237EE36AB3B}"
EndProject
Project("{9A19103F-16F7-4668-BE54-9A1E7A4F7556}") = "ConnectDB", "ConnectDB\ConnectDB.csproj", "{7E1DB778-E7CD-48B3-AC0B-EBE4D5BF8E67}"
EndProject
Project("{9A19103F-16F7-4668-BE54-9A1E7A4F7556}") = "Json", "Json\Json.csproj", "{9D4892C9-92EA-415E-8522-DDB4E1884D3F}"
EndProject
Project("{9A19103F-16F7-4668-BE54-9A1E7A4F7556}") = "DemoDJ", "DemoDJ\DemoDJ.csproj", "{FFE08268-E47A-4105-B9BB-C219439363E7}"
EndProject
Project("{9A19103F-16F7-4668-BE54-9A1E7A4F7556}") = "DemoRazorPage", "DemoRazorPage\DemoRazorPage.csproj", "{EAB8A739-7430-4BDE-9D80-19D3775F4FA5}"
EndProject
Project("{9A19103F-16F7-4668-BE54-9A1E7A4F7556}") = "Filter", "Filter\Filter.csproj", "{367A58B0-3339-4918-9084-8ADE2D6F9BBE}"
EndProject
Project("{FAE04EC0-301F-11D3-BF4B-00C04F79EFBC}") = "SearchStudent", "SearchStudent\SearchStudent.csproj", "{91BE2DAB-462A-4931-B39D-EBC94F4A8FE9}"
EndProject
Global
	GlobalSection(SolutionConfigurationPlatforms) = preSolution
		Debug|Any CPU = Debug|Any CPU
		Release|Any CPU = Release|Any CPU
	EndGlobalSection
	GlobalSection(ProjectConfigurationPlatforms) = postSolution
		{33782B3F-D269-4649-ADBE-4237EE36AB3B}.Debug|Any CPU.ActiveCfg = Debug|Any CPU
		{33782B3F-D269-4649-ADBE-4237EE36AB3B}.Debug|Any CPU.Build.0 = Debug|Any CPU
		{33782B3F-D269-4649-ADBE-4237EE36AB3B}.Release|Any CPU.ActiveCfg = Release|Any CPU
		{33782B3F-D269-4649-ADBE-4237EE36AB3B}.Release|Any CPU.Build.0 = Release|Any CPU
		{7E1DB778-E7CD-48B3-AC0B-EBE4D5BF8E67}.Debug|Any CPU.ActiveCfg = Debug|Any CPU
		{7E1DB778-E7CD-48B3-AC0B-EBE4D5BF8E67}.Debug|Any CPU.Build.0 = Debug|Any CPU
		{7E1DB778-E7CD-48B3-AC0B-EBE4D5BF8E67}.Release|Any CPU.ActiveCfg = Release|Any CPU
		{7E1DB778-E7CD-48B3-AC0B-EBE4D5BF8E67}.Release|Any CPU.Build.0 = Release|Any CPU
		{9D4892C9-92EA-415E-8522-DDB4E1884D3F}.Debug|Any CPU.ActiveCfg = Debug|Any CPU
		{9D4892C9-92EA-415E-8522-DDB4E1884D3F}.Debug|Any CPU.Build.0 = Debug|Any CPU
		{9D4892C9-92EA-415E-8522-DDB4E1884D3F}.Release|Any CPU.ActiveCfg = Release|Any CPU
		{9D4892C9-92EA-415E-8522-DDB4E1884D3F}.Release|Any CPU.Build.0 = Release|Any CPU
		{FFE08268-E47A-4105-B9BB-C219439363E7}.Debug|Any CPU.ActiveCfg = Debug|Any CPU
		{FFE08268-E47A-4105-B9BB-C219439363E7}.Debug|Any CPU.Build.0 = Debug|Any CPU
		{FFE08268-E47A-4105-B9BB-C219439363E7}.Release|Any CPU.ActiveCfg = Release|Any CPU
		{FFE08268-E47A-4105-B9BB-C219439363E7}.Release|Any CPU.Build.0 = Release|Any CPU
		{EAB8A739-7430-4BDE-9D80-19D3775F4FA5}.Debug|Any CPU.ActiveCfg = Debug|Any CPU
		{EAB8A739-7430-4BDE-9D80-19D3775F4FA5}.Debug|Any CPU.Build.0 = Debug|Any CPU
		{EAB8A739-7430-4BDE-9D80-19D3775F4FA5}.Release|Any CPU.ActiveCfg = Release|Any CPU
		{EAB8A739-7430-4BDE-9D80-19D3775F4FA5}.Release|Any CPU.Build.0 = Release|Any CPU
		{367A58B0-3339-4918-9084-8ADE2D6F9BBE}.Debug|Any CPU.ActiveCfg = Debug|Any CPU
		{367A58B0-3339-4918-9084-8ADE2D6F9BBE}.Debug|Any CPU.Build.0 = Debug|Any CPU
		{367A58B0-3339-4918-9084-8ADE2D6F9BBE}.Release|Any CPU.ActiveCfg = Release|Any CPU
		{367A58B0-3339-4918-9084-8ADE2D6F9BBE}.Release|Any CPU.Build.0 = Release|Any CPU
		{91BE2DAB-462A-4931-B39D-EBC94F4A8FE9}.Debug|Any CPU.ActiveCfg = Debug|Any CPU
		{91BE2DAB-462A-4931-B39D-EBC94F4A8FE9}.Debug|Any CPU.Build.0 = Debug|Any CPU
		{91BE2DAB-462A-4931-B39D-EBC94F4A8FE9}.Release|Any CPU.ActiveCfg = Release|Any CPU
		{91BE2DAB-462A-4931-B39D-EBC94F4A8FE9}.Release|Any CPU.Build.0 = Release|Any CPU
	EndGlobalSection
	GlobalSection(SolutionProperties) = preSolution
		HideSolutionNode = FALSE
	EndGlobalSection
	GlobalSection(ExtensibilityGlobals) = postSolution
		SolutionGuid = {7F6FA7B9-9C9E-488A-ADD2-6EEF55198C01}
	EndGlobalSection
EndGlobal
